// !$*UTF8*$!
{
	archiveVersion = 1;
	classes = {
	};
	objectVersion = 52;
	objects = {

/* Begin PBXBuildFile section */
		6957B63425DB0BCF000D36EB /* AppDelegate.swift in Sources */ = {isa = PBXBuildFile; fileRef = 6957B63325DB0BCF000D36EB /* AppDelegate.swift */; };
		6957B63625DB0BCF000D36EB /* SceneDelegate.swift in Sources */ = {isa = PBXBuildFile; fileRef = 6957B63525DB0BCF000D36EB /* SceneDelegate.swift */; };
		6957B63825DB0BCF000D36EB /* ViewController.swift in Sources */ = {isa = PBXBuildFile; fileRef = 6957B63725DB0BCF000D36EB /* ViewController.swift */; };
		6957B63B25DB0BCF000D36EB /* Main.storyboard in Resources */ = {isa = PBXBuildFile; fileRef = 6957B63925DB0BCF000D36EB /* Main.storyboard */; };
		6957B63D25DB0BD1000D36EB /* Assets.xcassets in Resources */ = {isa = PBXBuildFile; fileRef = 6957B63C25DB0BD1000D36EB /* Assets.xcassets */; };
		6957B64025DB0BD1000D36EB /* LaunchScreen.storyboard in Resources */ = {isa = PBXBuildFile; fileRef = 6957B63E25DB0BD1000D36EB /* LaunchScreen.storyboard */; };
		6957B64B25DB0BD2000D36EB /* FetchCharacterModelSuccessTests.swift in Sources */ = {isa = PBXBuildFile; fileRef = 6957B64A25DB0BD2000D36EB /* FetchCharacterModelSuccessTests.swift */; };
		6957B65825DB0C44000D36EB /* NetworkManager.swift in Sources */ = {isa = PBXBuildFile; fileRef = 6957B65725DB0C44000D36EB /* NetworkManager.swift */; };
		6957B65C25DB0E9F000D36EB /* AppCoordinator.swift in Sources */ = {isa = PBXBuildFile; fileRef = 6957B65B25DB0E9F000D36EB /* AppCoordinator.swift */; };
		6957B65F25DB0F5C000D36EB /* EasyPeasy in Frameworks */ = {isa = PBXBuildFile; productRef = 6957B65E25DB0F5C000D36EB /* EasyPeasy */; };
		6957B66125DB113E000D36EB /* CharacterFetchModel.swift in Sources */ = {isa = PBXBuildFile; fileRef = 6957B66025DB113E000D36EB /* CharacterFetchModel.swift */; };
		6957B66325DB115E000D36EB /* Character.swift in Sources */ = {isa = PBXBuildFile; fileRef = 6957B66225DB115E000D36EB /* Character.swift */; };
		6957B66525DB42CB000D36EB /* CharacterViewModel.swift in Sources */ = {isa = PBXBuildFile; fileRef = 6957B66425DB42CB000D36EB /* CharacterViewModel.swift */; };
		6957B66725DB43E3000D36EB /* UIColor+Extensions.swift in Sources */ = {isa = PBXBuildFile; fileRef = 6957B66625DB43E3000D36EB /* UIColor+Extensions.swift */; };
		6957B66D25DB46C6000D36EB /* CharacterCell.xib in Resources */ = {isa = PBXBuildFile; fileRef = 6957B66B25DB46C6000D36EB /* CharacterCell.xib */; };
		6957B66E25DB4991000D36EB /* CharacterCell.swift in Sources */ = {isa = PBXBuildFile; fileRef = 6957B66A25DB46C6000D36EB /* CharacterCell.swift */; };
		6957B67425DB4E2A000D36EB /* ImageURLProtocol.swift in Sources */ = {isa = PBXBuildFile; fileRef = 6957B67225DB4E2A000D36EB /* ImageURLProtocol.swift */; };
		6957B67525DB4E2A000D36EB /* ImageCache.swift in Sources */ = {isa = PBXBuildFile; fileRef = 6957B67325DB4E2A000D36EB /* ImageCache.swift */; };
		6957B67725DDB25C000D36EB /* UIImageView+Extensions.swift in Sources */ = {isa = PBXBuildFile; fileRef = 6957B67625DDB25C000D36EB /* UIImageView+Extensions.swift */; };
		6957B67925DDBA3C000D36EB /* CharacterDetails.storyboard in Resources */ = {isa = PBXBuildFile; fileRef = 6957B67825DDBA3C000D36EB /* CharacterDetails.storyboard */; };
		6957B67B25DDEC3F000D36EB /* CharacterDetailViewController.swift in Sources */ = {isa = PBXBuildFile; fileRef = 6957B67A25DDEC3F000D36EB /* CharacterDetailViewController.swift */; };
		6957B67D25DF1DA7000D36EB /* MockCharacterViewModel.swift in Sources */ = {isa = PBXBuildFile; fileRef = 6957B67C25DF1DA6000D36EB /* MockCharacterViewModel.swift */; };
		6957B67F25DF21A6000D36EB /* mockCharacterFetchSuccessResponse.json in Resources */ = {isa = PBXBuildFile; fileRef = 6957B67E25DF21A5000D36EB /* mockCharacterFetchSuccessResponse.json */; };
		6957B68125DF299C000D36EB /* FetchCharacterModelFailureTests.swift in Sources */ = {isa = PBXBuildFile; fileRef = 6957B68025DF299C000D36EB /* FetchCharacterModelFailureTests.swift */; };
/* End PBXBuildFile section */

/* Begin PBXContainerItemProxy section */
		6957B64725DB0BD2000D36EB /* PBXContainerItemProxy */ = {
			isa = PBXContainerItemProxy;
			containerPortal = 6957B62825DB0BCF000D36EB /* Project object */;
			proxyType = 1;
			remoteGlobalIDString = 6957B62F25DB0BCF000D36EB;
			remoteInfo = BreakingBad;
		};
/* End PBXContainerItemProxy section */

/* Begin PBXFileReference section */
		6957B63025DB0BCF000D36EB /* BreakingBad.app */ = {isa = PBXFileReference; explicitFileType = wrapper.application; includeInIndex = 0; path = BreakingBad.app; sourceTree = BUILT_PRODUCTS_DIR; };
		6957B63325DB0BCF000D36EB /* AppDelegate.swift */ = {isa = PBXFileReference; lastKnownFileType = sourcecode.swift; path = AppDelegate.swift; sourceTree = "<group>"; };
		6957B63525DB0BCF000D36EB /* SceneDelegate.swift */ = {isa = PBXFileReference; lastKnownFileType = sourcecode.swift; path = SceneDelegate.swift; sourceTree = "<group>"; };
		6957B63725DB0BCF000D36EB /* ViewController.swift */ = {isa = PBXFileReference; lastKnownFileType = sourcecode.swift; path = ViewController.swift; sourceTree = "<group>"; };
		6957B63A25DB0BCF000D36EB /* Base */ = {isa = PBXFileReference; lastKnownFileType = file.storyboard; name = Base; path = Base.lproj/Main.storyboard; sourceTree = "<group>"; };
		6957B63C25DB0BD1000D36EB /* Assets.xcassets */ = {isa = PBXFileReference; lastKnownFileType = folder.assetcatalog; path = Assets.xcassets; sourceTree = "<group>"; };
		6957B63F25DB0BD1000D36EB /* Base */ = {isa = PBXFileReference; lastKnownFileType = file.storyboard; name = Base; path = Base.lproj/LaunchScreen.storyboard; sourceTree = "<group>"; };
		6957B64125DB0BD1000D36EB /* Info.plist */ = {isa = PBXFileReference; lastKnownFileType = text.plist.xml; path = Info.plist; sourceTree = "<group>"; };
		6957B64625DB0BD2000D36EB /* BreakingBadTests.xctest */ = {isa = PBXFileReference; explicitFileType = wrapper.cfbundle; includeInIndex = 0; path = BreakingBadTests.xctest; sourceTree = BUILT_PRODUCTS_DIR; };
		6957B64A25DB0BD2000D36EB /* FetchCharacterModelSuccessTests.swift */ = {isa = PBXFileReference; lastKnownFileType = sourcecode.swift; path = FetchCharacterModelSuccessTests.swift; sourceTree = "<group>"; };
		6957B64C25DB0BD2000D36EB /* Info.plist */ = {isa = PBXFileReference; lastKnownFileType = text.plist.xml; path = Info.plist; sourceTree = "<group>"; };
		6957B65725DB0C44000D36EB /* NetworkManager.swift */ = {isa = PBXFileReference; fileEncoding = 4; lastKnownFileType = sourcecode.swift; path = NetworkManager.swift; sourceTree = "<group>"; };
		6957B65B25DB0E9F000D36EB /* AppCoordinator.swift */ = {isa = PBXFileReference; lastKnownFileType = sourcecode.swift; path = AppCoordinator.swift; sourceTree = "<group>"; };
		6957B66025DB113E000D36EB /* CharacterFetchModel.swift */ = {isa = PBXFileReference; lastKnownFileType = sourcecode.swift; path = CharacterFetchModel.swift; sourceTree = "<group>"; };
		6957B66225DB115E000D36EB /* Character.swift */ = {isa = PBXFileReference; lastKnownFileType = sourcecode.swift; path = Character.swift; sourceTree = "<group>"; };
		6957B66425DB42CB000D36EB /* CharacterViewModel.swift */ = {isa = PBXFileReference; lastKnownFileType = sourcecode.swift; path = CharacterViewModel.swift; sourceTree = "<group>"; };
		6957B66625DB43E3000D36EB /* UIColor+Extensions.swift */ = {isa = PBXFileReference; lastKnownFileType = sourcecode.swift; path = "UIColor+Extensions.swift"; sourceTree = "<group>"; };
		6957B66A25DB46C6000D36EB /* CharacterCell.swift */ = {isa = PBXFileReference; lastKnownFileType = sourcecode.swift; path = CharacterCell.swift; sourceTree = "<group>"; };
		6957B66B25DB46C6000D36EB /* CharacterCell.xib */ = {isa = PBXFileReference; lastKnownFileType = file.xib; path = CharacterCell.xib; sourceTree = "<group>"; };
		6957B67225DB4E2A000D36EB /* ImageURLProtocol.swift */ = {isa = PBXFileReference; fileEncoding = 4; lastKnownFileType = sourcecode.swift; path = ImageURLProtocol.swift; sourceTree = "<group>"; };
		6957B67325DB4E2A000D36EB /* ImageCache.swift */ = {isa = PBXFileReference; fileEncoding = 4; lastKnownFileType = sourcecode.swift; path = ImageCache.swift; sourceTree = "<group>"; };
		6957B67625DDB25C000D36EB /* UIImageView+Extensions.swift */ = {isa = PBXFileReference; lastKnownFileType = sourcecode.swift; path = "UIImageView+Extensions.swift"; sourceTree = "<group>"; };
		6957B67825DDBA3C000D36EB /* CharacterDetails.storyboard */ = {isa = PBXFileReference; lastKnownFileType = file.storyboard; path = CharacterDetails.storyboard; sourceTree = "<group>"; };
		6957B67A25DDEC3F000D36EB /* CharacterDetailViewController.swift */ = {isa = PBXFileReference; lastKnownFileType = sourcecode.swift; path = CharacterDetailViewController.swift; sourceTree = "<group>"; };
		6957B67C25DF1DA6000D36EB /* MockCharacterViewModel.swift */ = {isa = PBXFileReference; lastKnownFileType = sourcecode.swift; path = MockCharacterViewModel.swift; sourceTree = "<group>"; };
		6957B67E25DF21A5000D36EB /* mockCharacterFetchSuccessResponse.json */ = {isa = PBXFileReference; fileEncoding = 4; lastKnownFileType = text.json; path = mockCharacterFetchSuccessResponse.json; sourceTree = "<group>"; };
		6957B68025DF299C000D36EB /* FetchCharacterModelFailureTests.swift */ = {isa = PBXFileReference; lastKnownFileType = sourcecode.swift; path = FetchCharacterModelFailureTests.swift; sourceTree = "<group>"; };
/* End PBXFileReference section */

/* Begin PBXFrameworksBuildPhase section */
		6957B62D25DB0BCF000D36EB /* Frameworks */ = {
			isa = PBXFrameworksBuildPhase;
			buildActionMask = 2147483647;
			files = (
				6957B65F25DB0F5C000D36EB /* EasyPeasy in Frameworks */,
			);
			runOnlyForDeploymentPostprocessing = 0;
		};
		6957B64325DB0BD2000D36EB /* Frameworks */ = {
			isa = PBXFrameworksBuildPhase;
			buildActionMask = 2147483647;
			files = (
			);
			runOnlyForDeploymentPostprocessing = 0;
		};
/* End PBXFrameworksBuildPhase section */

/* Begin PBXGroup section */
		6957B62725DB0BCF000D36EB = {
			isa = PBXGroup;
			children = (
				6957B63225DB0BCF000D36EB /* BreakingBad */,
				6957B64925DB0BD2000D36EB /* BreakingBadTests */,
				6957B63125DB0BCF000D36EB /* Products */,
			);
			sourceTree = "<group>";
		};
		6957B63125DB0BCF000D36EB /* Products */ = {
			isa = PBXGroup;
			children = (
				6957B63025DB0BCF000D36EB /* BreakingBad.app */,
				6957B64625DB0BD2000D36EB /* BreakingBadTests.xctest */,
			);
			name = Products;
			sourceTree = "<group>";
		};
		6957B63225DB0BCF000D36EB /* BreakingBad */ = {
			isa = PBXGroup;
			children = (
				6957B67325DB4E2A000D36EB /* ImageCache.swift */,
				6957B67625DDB25C000D36EB /* UIImageView+Extensions.swift */,
				6957B67225DB4E2A000D36EB /* ImageURLProtocol.swift */,
				6957B63325DB0BCF000D36EB /* AppDelegate.swift */,
				6957B65B25DB0E9F000D36EB /* AppCoordinator.swift */,
				6957B63525DB0BCF000D36EB /* SceneDelegate.swift */,
				6957B63725DB0BCF000D36EB /* ViewController.swift */,
				6957B67A25DDEC3F000D36EB /* CharacterDetailViewController.swift */,
				6957B66425DB42CB000D36EB /* CharacterViewModel.swift */,
				6957B66A25DB46C6000D36EB /* CharacterCell.swift */,
				6957B66B25DB46C6000D36EB /* CharacterCell.xib */,
				6957B66625DB43E3000D36EB /* UIColor+Extensions.swift */,
				6957B66025DB113E000D36EB /* CharacterFetchModel.swift */,
				6957B66225DB115E000D36EB /* Character.swift */,
				6957B65725DB0C44000D36EB /* NetworkManager.swift */,
				6957B67825DDBA3C000D36EB /* CharacterDetails.storyboard */,
				6957B63925DB0BCF000D36EB /* Main.storyboard */,
				6957B63C25DB0BD1000D36EB /* Assets.xcassets */,
				6957B63E25DB0BD1000D36EB /* LaunchScreen.storyboard */,
				6957B64125DB0BD1000D36EB /* Info.plist */,
			);
			path = BreakingBad;
			sourceTree = "<group>";
		};
		6957B64925DB0BD2000D36EB /* BreakingBadTests */ = {
			isa = PBXGroup;
			children = (
				6957B67E25DF21A5000D36EB /* mockCharacterFetchSuccessResponse.json */,
				6957B64A25DB0BD2000D36EB /* FetchCharacterModelSuccessTests.swift */,
				6957B68025DF299C000D36EB /* FetchCharacterModelFailureTests.swift */,
				6957B67C25DF1DA6000D36EB /* MockCharacterViewModel.swift */,
				6957B64C25DB0BD2000D36EB /* Info.plist */,
			);
			path = BreakingBadTests;
			sourceTree = "<group>";
		};
/* End PBXGroup section */

/* Begin PBXNativeTarget section */
		6957B62F25DB0BCF000D36EB /* BreakingBad */ = {
			isa = PBXNativeTarget;
			buildConfigurationList = 6957B64F25DB0BD2000D36EB /* Build configuration list for PBXNativeTarget "BreakingBad" */;
			buildPhases = (
				6957B62C25DB0BCF000D36EB /* Sources */,
				6957B62D25DB0BCF000D36EB /* Frameworks */,
				6957B62E25DB0BCF000D36EB /* Resources */,
			);
			buildRules = (
			);
			dependencies = (
			);
			name = BreakingBad;
			packageProductDependencies = (
				6957B65E25DB0F5C000D36EB /* EasyPeasy */,
			);
			productName = BreakingBad;
			productReference = 6957B63025DB0BCF000D36EB /* BreakingBad.app */;
			productType = "com.apple.product-type.application";
		};
		6957B64525DB0BD2000D36EB /* BreakingBadTests */ = {
			isa = PBXNativeTarget;
			buildConfigurationList = 6957B65225DB0BD2000D36EB /* Build configuration list for PBXNativeTarget "BreakingBadTests" */;
			buildPhases = (
				6957B64225DB0BD2000D36EB /* Sources */,
				6957B64325DB0BD2000D36EB /* Frameworks */,
				6957B64425DB0BD2000D36EB /* Resources */,
			);
			buildRules = (
			);
			dependencies = (
				6957B64825DB0BD2000D36EB /* PBXTargetDependency */,
			);
			name = BreakingBadTests;
			productName = BreakingBadTests;
			productReference = 6957B64625DB0BD2000D36EB /* BreakingBadTests.xctest */;
			productType = "com.apple.product-type.bundle.unit-test";
		};
/* End PBXNativeTarget section */

/* Begin PBXProject section */
		6957B62825DB0BCF000D36EB /* Project object */ = {
			isa = PBXProject;
			attributes = {
				LastSwiftUpdateCheck = 1130;
				LastUpgradeCheck = 1130;
				ORGANIZATIONNAME = "Sepandat Pourtaymour";
				TargetAttributes = {
					6957B62F25DB0BCF000D36EB = {
						CreatedOnToolsVersion = 11.3.1;
					};
					6957B64525DB0BD2000D36EB = {
						CreatedOnToolsVersion = 11.3.1;
						TestTargetID = 6957B62F25DB0BCF000D36EB;
					};
				};
			};
			buildConfigurationList = 6957B62B25DB0BCF000D36EB /* Build configuration list for PBXProject "BreakingBad" */;
			compatibilityVersion = "Xcode 9.3";
			developmentRegion = en;
			hasScannedForEncodings = 0;
			knownRegions = (
				en,
				Base,
			);
			mainGroup = 6957B62725DB0BCF000D36EB;
			packageReferences = (
				6957B65D25DB0F5C000D36EB /* XCRemoteSwiftPackageReference "EasyPeasy" */,
			);
			productRefGroup = 6957B63125DB0BCF000D36EB /* Products */;
			projectDirPath = "";
			projectRoot = "";
			targets = (
				6957B62F25DB0BCF000D36EB /* BreakingBad */,
				6957B64525DB0BD2000D36EB /* BreakingBadTests */,
			);
		};
/* End PBXProject section */

/* Begin PBXResourcesBuildPhase section */
		6957B62E25DB0BCF000D36EB /* Resources */ = {
			isa = PBXResourcesBuildPhase;
			buildActionMask = 2147483647;
			files = (
				6957B64025DB0BD1000D36EB /* LaunchScreen.storyboard in Resources */,
				6957B63D25DB0BD1000D36EB /* Assets.xcassets in Resources */,
				6957B67925DDBA3C000D36EB /* CharacterDetails.storyboard in Resources */,
				6957B63B25DB0BCF000D36EB /* Main.storyboard in Resources */,
				6957B66D25DB46C6000D36EB /* CharacterCell.xib in Resources */,
			);
			runOnlyForDeploymentPostprocessing = 0;
		};
		6957B64425DB0BD2000D36EB /* Resources */ = {
			isa = PBXResourcesBuildPhase;
			buildActionMask = 2147483647;
			files = (
				6957B67F25DF21A6000D36EB /* mockCharacterFetchSuccessResponse.json in Resources */,
			);
			runOnlyForDeploymentPostprocessing = 0;
		};
/* End PBXResourcesBuildPhase section */

/* Begin PBXSourcesBuildPhase section */
		6957B62C25DB0BCF000D36EB /* Sources */ = {
			isa = PBXSourcesBuildPhase;
			buildActionMask = 2147483647;
			files = (
				6957B67725DDB25C000D36EB /* UIImageView+Extensions.swift in Sources */,
				6957B67425DB4E2A000D36EB /* ImageURLProtocol.swift in Sources */,
				6957B65C25DB0E9F000D36EB /* AppCoordinator.swift in Sources */,
				6957B63825DB0BCF000D36EB /* ViewController.swift in Sources */,
				6957B66325DB115E000D36EB /* Character.swift in Sources */,
				6957B63425DB0BCF000D36EB /* AppDelegate.swift in Sources */,
				6957B66525DB42CB000D36EB /* CharacterViewModel.swift in Sources */,
				6957B67525DB4E2A000D36EB /* ImageCache.swift in Sources */,
				6957B66E25DB4991000D36EB /* CharacterCell.swift in Sources */,
				6957B65825DB0C44000D36EB /* NetworkManager.swift in Sources */,
				6957B66125DB113E000D36EB /* CharacterFetchModel.swift in Sources */,
				6957B67B25DDEC3F000D36EB /* CharacterDetailViewController.swift in Sources */,
				6957B66725DB43E3000D36EB /* UIColor+Extensions.swift in Sources */,
				6957B63625DB0BCF000D36EB /* SceneDelegate.swift in Sources */,
			);
			runOnlyForDeploymentPostprocessing = 0;
		};
		6957B64225DB0BD2000D36EB /* Sources */ = {
			isa = PBXSourcesBuildPhase;
			buildActionMask = 2147483647;
			files = (
				6957B67D25DF1DA7000D36EB /* MockCharacterViewModel.swift in Sources */,
				6957B68125DF299C000D36EB /* FetchCharacterModelFailureTests.swift in Sources */,
				6957B64B25DB0BD2000D36EB /* FetchCharacterModelSuccessTests.swift in Sources */,
			);
			runOnlyForDeploymentPostprocessing = 0;
		};
/* End PBXSourcesBuildPhase section */

/* Begin PBXTargetDependency section */
		6957B64825DB0BD2000D36EB /* PBXTargetDependency */ = {
			isa = PBXTargetDependency;
			target = 6957B62F25DB0BCF000D36EB /* BreakingBad */;
			targetProxy = 6957B64725DB0BD2000D36EB /* PBXContainerItemProxy */;
		};
/* End PBXTargetDependency section */

/* Begin PBXVariantGroup section */
		6957B63925DB0BCF000D36EB /* Main.storyboard */ = {
			isa = PBXVariantGroup;
			children = (
				6957B63A25DB0BCF000D36EB /* Base */,
			);
			name = Main.storyboard;
			sourceTree = "<group>";
		};
		6957B63E25DB0BD1000D36EB /* LaunchScreen.storyboard */ = {
			isa = PBXVariantGroup;
			children = (
				6957B63F25DB0BD1000D36EB /* Base */,
			);
			name = LaunchScreen.storyboard;
			sourceTree = "<group>";
		};
/* End PBXVariantGroup section */

/* Begin XCBuildConfiguration section */
		6957B64D25DB0BD2000D36EB /* Debug */ = {
			isa = XCBuildConfiguration;
			buildSettings = {
				ALWAYS_SEARCH_USER_PATHS = NO;
				CLANG_ANALYZER_NONNULL = YES;
				CLANG_ANALYZER_NUMBER_OBJECT_CONVERSION = YES_AGGRESSIVE;
				CLANG_CXX_LANGUAGE_STANDARD = "gnu++14";
				CLANG_CXX_LIBRARY = "libc++";
				CLANG_ENABLE_MODULES = YES;
				CLANG_ENABLE_OBJC_ARC = YES;
				CLANG_ENABLE_OBJC_WEAK = YES;
				CLANG_WARN_BLOCK_CAPTURE_AUTORELEASING = YES;
				CLANG_WARN_BOOL_CONVERSION = YES;
				CLANG_WARN_COMMA = YES;
				CLANG_WARN_CONSTANT_CONVERSION = YES;
				CLANG_WARN_DEPRECATED_OBJC_IMPLEMENTATIONS = YES;
				CLANG_WARN_DIRECT_OBJC_ISA_USAGE = YES_ERROR;
				CLANG_WARN_DOCUMENTATION_COMMENTS = YES;
				CLANG_WARN_EMPTY_BODY = YES;
				CLANG_WARN_ENUM_CONVERSION = YES;
				CLANG_WARN_INFINITE_RECURSION = YES;
				CLANG_WARN_INT_CONVERSION = YES;
				CLANG_WARN_NON_LITERAL_NULL_CONVERSION = YES;
				CLANG_WARN_OBJC_IMPLICIT_RETAIN_SELF = YES;
				CLANG_WARN_OBJC_LITERAL_CONVERSION = YES;
				CLANG_WARN_OBJC_ROOT_CLASS = YES_ERROR;
				CLANG_WARN_RANGE_LOOP_ANALYSIS = YES;
				CLANG_WARN_STRICT_PROTOTYPES = YES;
				CLANG_WARN_SUSPICIOUS_MOVE = YES;
				CLANG_WARN_UNGUARDED_AVAILABILITY = YES_AGGRESSIVE;
				CLANG_WARN_UNREACHABLE_CODE = YES;
				CLANG_WARN__DUPLICATE_METHOD_MATCH = YES;
				COPY_PHASE_STRIP = NO;
				DEBUG_INFORMATION_FORMAT = dwarf;
				ENABLE_STRICT_OBJC_MSGSEND = YES;
				ENABLE_TESTABILITY = YES;
				GCC_C_LANGUAGE_STANDARD = gnu11;
				GCC_DYNAMIC_NO_PIC = NO;
				GCC_NO_COMMON_BLOCKS = YES;
				GCC_OPTIMIZATION_LEVEL = 0;
				GCC_PREPROCESSOR_DEFINITIONS = (
					"DEBUG=1",
					"$(inherited)",
				);
				GCC_WARN_64_TO_32_BIT_CONVERSION = YES;
				GCC_WARN_ABOUT_RETURN_TYPE = YES_ERROR;
				GCC_WARN_UNDECLARED_SELECTOR = YES;
				GCC_WARN_UNINITIALIZED_AUTOS = YES_AGGRESSIVE;
				GCC_WARN_UNUSED_FUNCTION = YES;
				GCC_WARN_UNUSED_VARIABLE = YES;
				IPHONEOS_DEPLOYMENT_TARGET = 13.2;
				MTL_ENABLE_DEBUG_INFO = INCLUDE_SOURCE;
				MTL_FAST_MATH = YES;
				ONLY_ACTIVE_ARCH = YES;
				SDKROOT = iphoneos;
				SWIFT_ACTIVE_COMPILATION_CONDITIONS = DEBUG;
				SWIFT_OPTIMIZATION_LEVEL = "-Onone";
			};
			name = Debug;
		};
		6957B64E25DB0BD2000D36EB /* Release */ = {
			isa = XCBuildConfiguration;
			buildSettings = {
				ALWAYS_SEARCH_USER_PATHS = NO;
				CLANG_ANALYZER_NONNULL = YES;
				CLANG_ANALYZER_NUMBER_OBJECT_CONVERSION = YES_AGGRESSIVE;
				CLANG_CXX_LANGUAGE_STANDARD = "gnu++14";
				CLANG_CXX_LIBRARY = "libc++";
				CLANG_ENABLE_MODULES = YES;
				CLANG_ENABLE_OBJC_ARC = YES;
				CLANG_ENABLE_OBJC_WEAK = YES;
				CLANG_WARN_BLOCK_CAPTURE_AUTORELEASING = YES;
				CLANG_WARN_BOOL_CONVERSION = YES;
				CLANG_WARN_COMMA = YES;
				CLANG_WARN_CONSTANT_CONVERSION = YES;
				CLANG_WARN_DEPRECATED_OBJC_IMPLEMENTATIONS = YES;
				CLANG_WARN_DIRECT_OBJC_ISA_USAGE = YES_ERROR;
				CLANG_WARN_DOCUMENTATION_COMMENTS = YES;
				CLANG_WARN_EMPTY_BODY = YES;
				CLANG_WARN_ENUM_CONVERSION = YES;
				CLANG_WARN_INFINITE_RECURSION = YES;
				CLANG_WARN_INT_CONVERSION = YES;
				CLANG_WARN_NON_LITERAL_NULL_CONVERSION = YES;
				CLANG_WARN_OBJC_IMPLICIT_RETAIN_SELF = YES;
				CLANG_WARN_OBJC_LITERAL_CONVERSION = YES;
				CLANG_WARN_OBJC_ROOT_CLASS = YES_ERROR;
				CLANG_WARN_RANGE_LOOP_ANALYSIS = YES;
				CLANG_WARN_STRICT_PROTOTYPES = YES;
				CLANG_WARN_SUSPICIOUS_MOVE = YES;
				CLANG_WARN_UNGUARDED_AVAILABILITY = YES_AGGRESSIVE;
				CLANG_WARN_UNREACHABLE_CODE = YES;
				CLANG_WARN__DUPLICATE_METHOD_MATCH = YES;
				COPY_PHASE_STRIP = NO;
				DEBUG_INFORMATION_FORMAT = "dwarf-with-dsym";
				ENABLE_NS_ASSERTIONS = NO;
				ENABLE_STRICT_OBJC_MSGSEND = YES;
				GCC_C_LANGUAGE_STANDARD = gnu11;
				GCC_NO_COMMON_BLOCKS = YES;
				GCC_WARN_64_TO_32_BIT_CONVERSION = YES;
				GCC_WARN_ABOUT_RETURN_TYPE = YES_ERROR;
				GCC_WARN_UNDECLARED_SELECTOR = YES;
				GCC_WARN_UNINITIALIZED_AUTOS = YES_AGGRESSIVE;
				GCC_WARN_UNUSED_FUNCTION = YES;
				GCC_WARN_UNUSED_VARIABLE = YES;
				IPHONEOS_DEPLOYMENT_TARGET = 13.2;
				MTL_ENABLE_DEBUG_INFO = NO;
				MTL_FAST_MATH = YES;
				SDKROOT = iphoneos;
				SWIFT_COMPILATION_MODE = wholemodule;
				SWIFT_OPTIMIZATION_LEVEL = "-O";
				VALIDATE_PRODUCT = YES;
			};
			name = Release;
		};
		6957B65025DB0BD2000D36EB /* Debug */ = {
			isa = XCBuildConfiguration;
			buildSettings = {
				ASSETCATALOG_COMPILER_APPICON_NAME = AppIcon;
				CODE_SIGN_STYLE = Automatic;
				INFOPLIST_FILE = BreakingBad/Info.plist;
				LD_RUNPATH_SEARCH_PATHS = (
					"$(inherited)",
					"@executable_path/Frameworks",
				);
				PRODUCT_BUNDLE_IDENTIFIER = com.appcanteen.BreakingBad;
				PRODUCT_NAME = "$(TARGET_NAME)";
				SWIFT_VERSION = 5.0;
				TARGETED_DEVICE_FAMILY = "1,2";
			};
			name = Debug;
		};
		6957B65125DB0BD2000D36EB /* Release */ = {
			isa = XCBuildConfiguration;
			buildSettings = {
				ASSETCATALOG_COMPILER_APPICON_NAME = AppIcon;
				CODE_SIGN_STYLE = Automatic;
				INFOPLIST_FILE = BreakingBad/Info.plist;
				LD_RUNPATH_SEARCH_PATHS = (
					"$(inherited)",
					"@executable_path/Frameworks",
				);
				PRODUCT_BUNDLE_IDENTIFIER = com.appcanteen.BreakingBad;
				PRODUCT_NAME = "$(TARGET_NAME)";
				SWIFT_VERSION = 5.0;
				TARGETED_DEVICE_FAMILY = "1,2";
			};
			name = Release;
		};
		6957B65325DB0BD2000D36EB /* Debug */ = {
			isa = XCBuildConfiguration;
			buildSettings = {
				ALWAYS_EMBED_SWIFT_STANDARD_LIBRARIES = YES;
				BUNDLE_LOADER = "$(TEST_HOST)";
				CODE_SIGN_STYLE = Automatic;
				INFOPLIST_FILE = BreakingBadTests/Info.plist;
				IPHONEOS_DEPLOYMENT_TARGET = 13.2;
				LD_RUNPATH_SEARCH_PATHS = (
					"$(inherited)",
					"@executable_path/Frameworks",
					"@loader_path/Frameworks",
				);
				PRODUCT_BUNDLE_IDENTIFIER = com.appcanteen.BreakingBadTests;
				PRODUCT_NAME = "$(TARGET_NAME)";
				SWIFT_VERSION = 5.0;
				TARGETED_DEVICE_FAMILY = "1,2";
				TEST_HOST = "$(BUILT_PRODUCTS_DIR)/BreakingBad.app/BreakingBad";
			};
			name = Debug;
		};
		6957B65425DB0BD2000D36EB /* Release */ = {
			isa = XCBuildConfiguration;
			buildSettings = {
				ALWAYS_EMBED_SWIFT_STANDARD_LIBRARIES = YES;
				BUNDLE_LOADER = "$(TEST_HOST)";
				CODE_SIGN_STYLE = Automatic;
				INFOPLIST_FILE = BreakingBadTests/Info.plist;
				IPHONEOS_DEPLOYMENT_TARGET = 13.2;
				LD_RUNPATH_SEARCH_PATHS = (
					"$(inherited)",
					"@executable_path/Frameworks",
					"@loader_path/Frameworks",
				);
				PRODUCT_BUNDLE_IDENTIFIER = com.appcanteen.BreakingBadTests;
				PRODUCT_NAME = "$(TARGET_NAME)";
				SWIFT_VERSION = 5.0;
				TARGETED_DEVICE_FAMILY = "1,2";
				TEST_HOST = "$(BUILT_PRODUCTS_DIR)/BreakingBad.app/BreakingBad";
			};
			name = Release;
		};
/* End XCBuildConfiguration section */

/* Begin XCConfigurationList section */
		6957B62B25DB0BCF000D36EB /* Build configuration list for PBXProject "BreakingBad" */ = {
			isa = XCConfigurationList;
			buildConfigurations = (
				6957B64D25DB0BD2000D36EB /* Debug */,
				6957B64E25DB0BD2000D36EB /* Release */,
			);
			defaultConfigurationIsVisible = 0;
			defaultConfigurationName = Release;
		};
		6957B64F25DB0BD2000D36EB /* Build configuration list for PBXNativeTarget "BreakingBad" */ = {
			isa = XCConfigurationList;
			buildConfigurations = (
				6957B65025DB0BD2000D36EB /* Debug */,
				6957B65125DB0BD2000D36EB /* Release */,
			);
			defaultConfigurationIsVisible = 0;
			defaultConfigurationName = Release;
		};
		6957B65225DB0BD2000D36EB /* Build configuration list for PBXNativeTarget "BreakingBadTests" */ = {
			isa = XCConfigurationList;
			buildConfigurations = (
				6957B65325DB0BD2000D36EB /* Debug */,
				6957B65425DB0BD2000D36EB /* Release */,
			);
			defaultConfigurationIsVisible = 0;
			defaultConfigurationName = Release;
		};
/* End XCConfigurationList section */

/* Begin XCRemoteSwiftPackageReference section */
		6957B65D25DB0F5C000D36EB /* XCRemoteSwiftPackageReference "EasyPeasy" */ = {
			isa = XCRemoteSwiftPackageReference;
			repositoryURL = "https://github.com/nakiostudio/EasyPeasy";
			requirement = {
				kind = upToNextMajorVersion;
				minimumVersion = 1.10.0;
			};
		};
/* End XCRemoteSwiftPackageReference section */

/* Begin XCSwiftPackageProductDependency section */
		6957B65E25DB0F5C000D36EB /* EasyPeasy */ = {
			isa = XCSwiftPackageProductDependency;
			package = 6957B65D25DB0F5C000D36EB /* XCRemoteSwiftPackageReference "EasyPeasy" */;
			productName = EasyPeasy;
		};
/* End XCSwiftPackageProductDependency section */
	};
	rootObject = 6957B62825DB0BCF000D36EB /* Project object */;
}
